
Microsoft Visual Studio Solution File, Format Version 12.00
# Visual Studio Version 16
VisualStudioVersion = 16.0.33801.447
MinimumVisualStudioVersion = 10.0.40219.1
Project("{FAE04EC0-301F-11D3-BF4B-00C04F79EFBC}") = "MiApp.web", "MiApp.web\MiApp.web.csproj", "{DA27A07B-4344-4E7A-A30B-89E1EF8C138E}"
EndProject
Project("{FAE04EC0-301F-11D3-BF4B-00C04F79EFBC}") = "MiApp.Bll", "MiApp.Bll\MiApp.Bll.csproj", "{7E349BE4-08DC-4B8E-9A0F-00AB9A7BE5C8}"
EndProject
Project("{FAE04EC0-301F-11D3-BF4B-00C04F79EFBC}") = "MiApp.Dal", "MiApp.Dal\MiApp.Dal.csproj", "{363C954D-338F-4923-B7C6-4C14BF6DCAC5}"
EndProject
Project("{FAE04EC0-301F-11D3-BF4B-00C04F79EFBC}") = "MiApp.Fll", "MiApp.Fll\MiApp.Fll.csproj", "{91659C74-9ED6-45DA-A2A8-EC77BF71CE17}"
EndProject
Project("{FAE04EC0-301F-11D3-BF4B-00C04F79EFBC}") = "MiApp.Mod", "MiApp.Mod\MiApp.Mod.csproj", "{335F3FC8-84F3-4865-AB1D-89B309F23635}"
EndProject
Project("{00D1A9C2-B5F0-4AF3-8072-F6C62B433612}") = "CapacitacionBD", "CapacitacionBD\CapacitacionBD.sqlproj", "{57AAAF41-AC0F-4B3B-97FB-BB07C0D4CD46}"
EndProject
Global
	GlobalSection(SolutionConfigurationPlatforms) = preSolution
		Debug|Any CPU = Debug|Any CPU
		Release|Any CPU = Release|Any CPU
	EndGlobalSection
	GlobalSection(ProjectConfigurationPlatforms) = postSolution
		{DA27A07B-4344-4E7A-A30B-89E1EF8C138E}.Debug|Any CPU.ActiveCfg = Debug|Any CPU
		{DA27A07B-4344-4E7A-A30B-89E1EF8C138E}.Debug|Any CPU.Build.0 = Debug|Any CPU
		{DA27A07B-4344-4E7A-A30B-89E1EF8C138E}.Release|Any CPU.ActiveCfg = Release|Any CPU
		{DA27A07B-4344-4E7A-A30B-89E1EF8C138E}.Release|Any CPU.Build.0 = Release|Any CPU
		{7E349BE4-08DC-4B8E-9A0F-00AB9A7BE5C8}.Debug|Any CPU.ActiveCfg = Debug|Any CPU
		{7E349BE4-08DC-4B8E-9A0F-00AB9A7BE5C8}.Debug|Any CPU.Build.0 = Debug|Any CPU
		{7E349BE4-08DC-4B8E-9A0F-00AB9A7BE5C8}.Release|Any CPU.ActiveCfg = Release|Any CPU
		{7E349BE4-08DC-4B8E-9A0F-00AB9A7BE5C8}.Release|Any CPU.Build.0 = Release|Any CPU
		{363C954D-338F-4923-B7C6-4C14BF6DCAC5}.Debug|Any CPU.ActiveCfg = Debug|Any CPU
		{363C954D-338F-4923-B7C6-4C14BF6DCAC5}.Debug|Any CPU.Build.0 = Debug|Any CPU
		{363C954D-338F-4923-B7C6-4C14BF6DCAC5}.Release|Any CPU.ActiveCfg = Release|Any CPU
		{363C954D-338F-4923-B7C6-4C14BF6DCAC5}.Release|Any CPU.Build.0 = Release|Any CPU
		{91659C74-9ED6-45DA-A2A8-EC77BF71CE17}.Debug|Any CPU.ActiveCfg = Debug|Any CPU
		{91659C74-9ED6-45DA-A2A8-EC77BF71CE17}.Debug|Any CPU.Build.0 = Debug|Any CPU
		{91659C74-9ED6-45DA-A2A8-EC77BF71CE17}.Release|Any CPU.ActiveCfg = Release|Any CPU
		{91659C74-9ED6-45DA-A2A8-EC77BF71CE17}.Release|Any CPU.Build.0 = Release|Any CPU
		{335F3FC8-84F3-4865-AB1D-89B309F23635}.Debug|Any CPU.ActiveCfg = Debug|Any CPU
		{335F3FC8-84F3-4865-AB1D-89B309F23635}.Debug|Any CPU.Build.0 = Debug|Any CPU
		{335F3FC8-84F3-4865-AB1D-89B309F23635}.Release|Any CPU.ActiveCfg = Release|Any CPU
		{335F3FC8-84F3-4865-AB1D-89B309F23635}.Release|Any CPU.Build.0 = Release|Any CPU
		{57AAAF41-AC0F-4B3B-97FB-BB07C0D4CD46}.Debug|Any CPU.ActiveCfg = Debug|Any CPU
		{57AAAF41-AC0F-4B3B-97FB-BB07C0D4CD46}.Debug|Any CPU.Build.0 = Debug|Any CPU
		{57AAAF41-AC0F-4B3B-97FB-BB07C0D4CD46}.Debug|Any CPU.Deploy.0 = Debug|Any CPU
		{57AAAF41-AC0F-4B3B-97FB-BB07C0D4CD46}.Release|Any CPU.ActiveCfg = Release|Any CPU
		{57AAAF41-AC0F-4B3B-97FB-BB07C0D4CD46}.Release|Any CPU.Build.0 = Release|Any CPU
		{57AAAF41-AC0F-4B3B-97FB-BB07C0D4CD46}.Release|Any CPU.Deploy.0 = Release|Any CPU
	EndGlobalSection
	GlobalSection(SolutionProperties) = preSolution
		HideSolutionNode = FALSE
	EndGlobalSection
	GlobalSection(ExtensibilityGlobals) = postSolution
		SolutionGuid = {1F78006E-A0ED-4BE1-A0FD-5C2232FA37E8}
	EndGlobalSection
EndGlobal
